
Microsoft Visual Studio Solution File, Format Version 12.00
# Visual Studio 2015
Project("{FAE04EC0-301F-11D3-BF4B-00C04F79EFBC}") = "OperationFestation.CSharp.Plugins", "OperationFestation.CSharp.Plugins.csproj", "{15068D62-E30A-51C3-8202-C053526A085A}"
EndProject
Project("{FAE04EC0-301F-11D3-BF4B-00C04F79EFBC}") = "OperationFestation.CSharp.Editor", "OperationFestation.CSharp.Editor.csproj", "{5C034E1C-3B94-840A-D698-133B753D5A04}"
EndProject
Global
	GlobalSection(SolutionConfigurationPlatforms) = preSolution
		Debug|Any CPU = Debug|Any CPU
		Release|Any CPU = Release|Any CPU
	EndGlobalSection
	GlobalSection(ProjectConfigurationPlatforms) = postSolution
		{15068D62-E30A-51C3-8202-C053526A085A}.Debug|Any CPU.ActiveCfg = Debug|Any CPU
		{15068D62-E30A-51C3-8202-C053526A085A}.Debug|Any CPU.Build.0 = Debug|Any CPU
		{15068D62-E30A-51C3-8202-C053526A085A}.Release|Any CPU.ActiveCfg = Release|Any CPU
		{15068D62-E30A-51C3-8202-C053526A085A}.Release|Any CPU.Build.0 = Release|Any CPU
		{5C034E1C-3B94-840A-D698-133B753D5A04}.Debug|Any CPU.ActiveCfg = Debug|Any CPU
		{5C034E1C-3B94-840A-D698-133B753D5A04}.Debug|Any CPU.Build.0 = Debug|Any CPU
		{5C034E1C-3B94-840A-D698-133B753D5A04}.Release|Any CPU.ActiveCfg = Release|Any CPU
		{5C034E1C-3B94-840A-D698-133B753D5A04}.Release|Any CPU.Build.0 = Release|Any CPU
	EndGlobalSection
	GlobalSection(SolutionProperties) = preSolution
		HideSolutionNode = FALSE
	EndGlobalSection
EndGlobal
